
Microsoft Visual Studio Solution File, Format Version 12.00
# Visual Studio 14
VisualStudioVersion = 14.0.22823.1
MinimumVisualStudioVersion = 10.0.40219.1
Project("{2150E333-8FDC-42A3-9474-1A3956D46DE8}") = "src", "src", "{F262D95B-CCC3-455E-BF51-E2E35DE485CD}"
EndProject
Project("{2150E333-8FDC-42A3-9474-1A3956D46DE8}") = "Solution Items", "Solution Items", "{EF038A31-E800-44B0-BFF6-1C989D221505}"
	ProjectSection(SolutionItems) = preProject
		global.json = global.json
	EndProjectSection
EndProject
Project("{8BB2217D-0F2D-49D1-97BC-3654ED321F3B}") = "SouthSideComics.PreviewsProcessor", "src\SouthSideComics.PreviewsProcessor\SouthSideComics.PreviewsProcessor.xproj", "{224060A9-E295-4BE1-9DDC-6E00C2BBCB1B}"
EndProject
Project("{8BB2217D-0F2D-49D1-97BC-3654ED321F3B}") = "SouthSideComics.DiamondImageFetcher", "src\SouthSideComics.DiamondImageFetcher\SouthSideComics.DiamondImageFetcher.xproj", "{C47C7C4B-B1A1-4517-827E-19D8D2EF3E99}"
EndProject
Project("{8BB2217D-0F2D-49D1-97BC-3654ED321F3B}") = "SouthSideComics.Core", "src\SouthSideComics.Core\SouthSideComics.Core.xproj", "{D694271E-C36E-4F58-B2AB-73251978D2EB}"
EndProject
Project("{8BB2217D-0F2D-49D1-97BC-3654ED321F3B}") = "SouthSideComics.Web", "src\SouthSideComics.Web\SouthSideComics.Web.xproj", "{37D299D0-21EF-4A37-9ACB-F99CE0E59695}"
EndProject
Project("{8BB2217D-0F2D-49D1-97BC-3654ED321F3B}") = "SouthSideComics.ImageProcessor", "src\SouthSideComics.ImageProcessor\SouthSideComics.ImageProcessor.xproj", "{05FB5109-44BD-4098-8557-45B51FD78370}"
EndProject
Global
	GlobalSection(SolutionConfigurationPlatforms) = preSolution
		Debug|Any CPU = Debug|Any CPU
		Release|Any CPU = Release|Any CPU
	EndGlobalSection
	GlobalSection(ProjectConfigurationPlatforms) = postSolution
		{224060A9-E295-4BE1-9DDC-6E00C2BBCB1B}.Debug|Any CPU.ActiveCfg = Debug|Any CPU
		{224060A9-E295-4BE1-9DDC-6E00C2BBCB1B}.Debug|Any CPU.Build.0 = Debug|Any CPU
		{224060A9-E295-4BE1-9DDC-6E00C2BBCB1B}.Release|Any CPU.ActiveCfg = Release|Any CPU
		{224060A9-E295-4BE1-9DDC-6E00C2BBCB1B}.Release|Any CPU.Build.0 = Release|Any CPU
		{C47C7C4B-B1A1-4517-827E-19D8D2EF3E99}.Debug|Any CPU.ActiveCfg = Debug|Any CPU
		{C47C7C4B-B1A1-4517-827E-19D8D2EF3E99}.Debug|Any CPU.Build.0 = Debug|Any CPU
		{C47C7C4B-B1A1-4517-827E-19D8D2EF3E99}.Release|Any CPU.ActiveCfg = Release|Any CPU
		{C47C7C4B-B1A1-4517-827E-19D8D2EF3E99}.Release|Any CPU.Build.0 = Release|Any CPU
		{D694271E-C36E-4F58-B2AB-73251978D2EB}.Debug|Any CPU.ActiveCfg = Debug|Any CPU
		{D694271E-C36E-4F58-B2AB-73251978D2EB}.Debug|Any CPU.Build.0 = Debug|Any CPU
		{D694271E-C36E-4F58-B2AB-73251978D2EB}.Release|Any CPU.ActiveCfg = Release|Any CPU
		{D694271E-C36E-4F58-B2AB-73251978D2EB}.Release|Any CPU.Build.0 = Release|Any CPU
		{37D299D0-21EF-4A37-9ACB-F99CE0E59695}.Debug|Any CPU.ActiveCfg = Debug|Any CPU
		{37D299D0-21EF-4A37-9ACB-F99CE0E59695}.Debug|Any CPU.Build.0 = Debug|Any CPU
		{37D299D0-21EF-4A37-9ACB-F99CE0E59695}.Release|Any CPU.ActiveCfg = Release|Any CPU
		{37D299D0-21EF-4A37-9ACB-F99CE0E59695}.Release|Any CPU.Build.0 = Release|Any CPU
		{05FB5109-44BD-4098-8557-45B51FD78370}.Debug|Any CPU.ActiveCfg = Debug|Any CPU
		{05FB5109-44BD-4098-8557-45B51FD78370}.Debug|Any CPU.Build.0 = Debug|Any CPU
		{05FB5109-44BD-4098-8557-45B51FD78370}.Release|Any CPU.ActiveCfg = Release|Any CPU
		{05FB5109-44BD-4098-8557-45B51FD78370}.Release|Any CPU.Build.0 = Release|Any CPU
	EndGlobalSection
	GlobalSection(SolutionProperties) = preSolution
		HideSolutionNode = FALSE
	EndGlobalSection
	GlobalSection(NestedProjects) = preSolution
		{224060A9-E295-4BE1-9DDC-6E00C2BBCB1B} = {F262D95B-CCC3-455E-BF51-E2E35DE485CD}
		{C47C7C4B-B1A1-4517-827E-19D8D2EF3E99} = {F262D95B-CCC3-455E-BF51-E2E35DE485CD}
		{D694271E-C36E-4F58-B2AB-73251978D2EB} = {F262D95B-CCC3-455E-BF51-E2E35DE485CD}
		{37D299D0-21EF-4A37-9ACB-F99CE0E59695} = {F262D95B-CCC3-455E-BF51-E2E35DE485CD}
		{05FB5109-44BD-4098-8557-45B51FD78370} = {F262D95B-CCC3-455E-BF51-E2E35DE485CD}
	EndGlobalSection
EndGlobal
